
Microsoft Visual Studio Solution File, Format Version 12.00
# Visual Studio Version 16
VisualStudioVersion = 16.0.30320.27
MinimumVisualStudioVersion = 10.0.40219.1
Project("{FAE04EC0-301F-11D3-BF4B-00C04F79EFBC}") = "Edux_Api_EFcore", "Edux_Api_EFcore.csproj", "{B5991CBB-3892-4ED7-A664-4D39AE75F02D}"
EndProject
Global
	GlobalSection(SolutionConfigurationPlatforms) = preSolution
		Debug|Any CPU = Debug|Any CPU
		Release|Any CPU = Release|Any CPU
	EndGlobalSection
	GlobalSection(ProjectConfigurationPlatforms) = postSolution
		{B5991CBB-3892-4ED7-A664-4D39AE75F02D}.Debug|Any CPU.ActiveCfg = Debug|Any CPU
		{B5991CBB-3892-4ED7-A664-4D39AE75F02D}.Debug|Any CPU.Build.0 = Debug|Any CPU
		{B5991CBB-3892-4ED7-A664-4D39AE75F02D}.Release|Any CPU.ActiveCfg = Release|Any CPU
		{B5991CBB-3892-4ED7-A664-4D39AE75F02D}.Release|Any CPU.Build.0 = Release|Any CPU
	EndGlobalSection
	GlobalSection(SolutionProperties) = preSolution
		HideSolutionNode = FALSE
	EndGlobalSection
	GlobalSection(ExtensibilityGlobals) = postSolution
		SolutionGuid = {BD78FF97-D0C6-400E-AE1E-431EA1FCC854}
	EndGlobalSection
EndGlobal
